
Microsoft Visual Studio Solution File, Format Version 12.00
# Visual Studio Version 17
VisualStudioVersion = 17.7.34221.43
MinimumVisualStudioVersion = 10.0.40219.1
Project("{FAE04EC0-301F-11D3-BF4B-00C04F79EFBC}") = "Курсач по бд", "Курсач по бд.csproj", "{EF925C53-B3C0-4F63-947F-F46E9B98941A}"
EndProject
Global
	GlobalSection(SolutionConfigurationPlatforms) = preSolution
		Debug|Any CPU = Debug|Any CPU
		Release|Any CPU = Release|Any CPU
	EndGlobalSection
	GlobalSection(ProjectConfigurationPlatforms) = postSolution
		{EF925C53-B3C0-4F63-947F-F46E9B98941A}.Debug|Any CPU.ActiveCfg = Debug|Any CPU
		{EF925C53-B3C0-4F63-947F-F46E9B98941A}.Debug|Any CPU.Build.0 = Debug|Any CPU
		{EF925C53-B3C0-4F63-947F-F46E9B98941A}.Release|Any CPU.ActiveCfg = Release|Any CPU
		{EF925C53-B3C0-4F63-947F-F46E9B98941A}.Release|Any CPU.Build.0 = Release|Any CPU
	EndGlobalSection
	GlobalSection(SolutionProperties) = preSolution
		HideSolutionNode = FALSE
	EndGlobalSection
	GlobalSection(ExtensibilityGlobals) = postSolution
		SolutionGuid = {D3602241-FF09-452C-A5D2-6881D699D0F2}
	EndGlobalSection
EndGlobal
